// !$*UTF8*$!
{
	archiveVersion = 1;
	classes = {
	};
	objectVersion = 55;
	objects = {

/* Begin PBXBuildFile section */
		15054D6527FC761400685936 /* AppDelegate.swift in Sources */ = {isa = PBXBuildFile; fileRef = 15054D6427FC761400685936 /* AppDelegate.swift */; };
		15054D6727FC761400685936 /* SceneDelegate.swift in Sources */ = {isa = PBXBuildFile; fileRef = 15054D6627FC761400685936 /* SceneDelegate.swift */; };
		15054D6927FC761400685936 /* ViewController.swift in Sources */ = {isa = PBXBuildFile; fileRef = 15054D6827FC761400685936 /* ViewController.swift */; };
		15054D6C27FC761400685936 /* Main.storyboard in Resources */ = {isa = PBXBuildFile; fileRef = 15054D6A27FC761400685936 /* Main.storyboard */; };
		15054D6E27FC761500685936 /* Assets.xcassets in Resources */ = {isa = PBXBuildFile; fileRef = 15054D6D27FC761500685936 /* Assets.xcassets */; };
		15054D7127FC761500685936 /* LaunchScreen.storyboard in Resources */ = {isa = PBXBuildFile; fileRef = 15054D6F27FC761500685936 /* LaunchScreen.storyboard */; };
		15054D7C27FC761500685936 /* QuizAbiliteaTests.swift in Sources */ = {isa = PBXBuildFile; fileRef = 15054D7B27FC761500685936 /* QuizAbiliteaTests.swift */; };
		15054D8627FC761500685936 /* QuizAbiliteaUITests.swift in Sources */ = {isa = PBXBuildFile; fileRef = 15054D8527FC761500685936 /* QuizAbiliteaUITests.swift */; };
		15054D8827FC761500685936 /* QuizAbiliteaUITestsLaunchTests.swift in Sources */ = {isa = PBXBuildFile; fileRef = 15054D8727FC761500685936 /* QuizAbiliteaUITestsLaunchTests.swift */; };
		156E4CAD27FDD57B007B836F /* quiz.json in Resources */ = {isa = PBXBuildFile; fileRef = 156E4CAC27FDD57B007B836F /* quiz.json */; };
		1584E67227FDA0640029DD2E /* questionStructure.swift in Sources */ = {isa = PBXBuildFile; fileRef = 1584E67127FDA0640029DD2E /* questionStructure.swift */; };
/* End PBXBuildFile section */

/* Begin PBXContainerItemProxy section */
		15054D7827FC761500685936 /* PBXContainerItemProxy */ = {
			isa = PBXContainerItemProxy;
			containerPortal = 15054D5927FC761400685936 /* Project object */;
			proxyType = 1;
			remoteGlobalIDString = 15054D6027FC761400685936;
			remoteInfo = QuizAbilitea;
		};
		15054D8227FC761500685936 /* PBXContainerItemProxy */ = {
			isa = PBXContainerItemProxy;
			containerPortal = 15054D5927FC761400685936 /* Project object */;
			proxyType = 1;
			remoteGlobalIDString = 15054D6027FC761400685936;
			remoteInfo = QuizAbilitea;
		};
/* End PBXContainerItemProxy section */

/* Begin PBXFileReference section */
		15054D6127FC761400685936 /* QuizAbilitea.app */ = {isa = PBXFileReference; explicitFileType = wrapper.application; includeInIndex = 0; path = QuizAbilitea.app; sourceTree = BUILT_PRODUCTS_DIR; };
		15054D6427FC761400685936 /* AppDelegate.swift */ = {isa = PBXFileReference; lastKnownFileType = sourcecode.swift; path = AppDelegate.swift; sourceTree = "<group>"; };
		15054D6627FC761400685936 /* SceneDelegate.swift */ = {isa = PBXFileReference; lastKnownFileType = sourcecode.swift; path = SceneDelegate.swift; sourceTree = "<group>"; };
		15054D6827FC761400685936 /* ViewController.swift */ = {isa = PBXFileReference; lastKnownFileType = sourcecode.swift; path = ViewController.swift; sourceTree = "<group>"; };
		15054D6B27FC761400685936 /* Base */ = {isa = PBXFileReference; lastKnownFileType = file.storyboard; name = Base; path = Base.lproj/Main.storyboard; sourceTree = "<group>"; };
		15054D6D27FC761500685936 /* Assets.xcassets */ = {isa = PBXFileReference; lastKnownFileType = folder.assetcatalog; path = Assets.xcassets; sourceTree = "<group>"; };
		15054D7027FC761500685936 /* Base */ = {isa = PBXFileReference; lastKnownFileType = file.storyboard; name = Base; path = Base.lproj/LaunchScreen.storyboard; sourceTree = "<group>"; };
		15054D7227FC761500685936 /* Info.plist */ = {isa = PBXFileReference; lastKnownFileType = text.plist.xml; path = Info.plist; sourceTree = "<group>"; };
		15054D7727FC761500685936 /* QuizAbiliteaTests.xctest */ = {isa = PBXFileReference; explicitFileType = wrapper.cfbundle; includeInIndex = 0; path = QuizAbiliteaTests.xctest; sourceTree = BUILT_PRODUCTS_DIR; };
		15054D7B27FC761500685936 /* QuizAbiliteaTests.swift */ = {isa = PBXFileReference; lastKnownFileType = sourcecode.swift; path = QuizAbiliteaTests.swift; sourceTree = "<group>"; };
		15054D8127FC761500685936 /* QuizAbiliteaUITests.xctest */ = {isa = PBXFileReference; explicitFileType = wrapper.cfbundle; includeInIndex = 0; path = QuizAbiliteaUITests.xctest; sourceTree = BUILT_PRODUCTS_DIR; };
		15054D8527FC761500685936 /* QuizAbiliteaUITests.swift */ = {isa = PBXFileReference; lastKnownFileType = sourcecode.swift; path = QuizAbiliteaUITests.swift; sourceTree = "<group>"; };
		15054D8727FC761500685936 /* QuizAbiliteaUITestsLaunchTests.swift */ = {isa = PBXFileReference; lastKnownFileType = sourcecode.swift; path = QuizAbiliteaUITestsLaunchTests.swift; sourceTree = "<group>"; };
		156E4CAC27FDD57B007B836F /* quiz.json */ = {isa = PBXFileReference; lastKnownFileType = text.json; path = quiz.json; sourceTree = "<group>"; xcLanguageSpecificationIdentifier = xcode.lang.json; };
		1584E67127FDA0640029DD2E /* questionStructure.swift */ = {isa = PBXFileReference; lastKnownFileType = sourcecode.swift; path = questionStructure.swift; sourceTree = "<group>"; xcLanguageSpecificationIdentifier = xcode.lang.swift; };
/* End PBXFileReference section */

/* Begin PBXFrameworksBuildPhase section */
		15054D5E27FC761400685936 /* Frameworks */ = {
			isa = PBXFrameworksBuildPhase;
			buildActionMask = 2147483647;
			files = (
			);
			runOnlyForDeploymentPostprocessing = 0;
		};
		15054D7427FC761500685936 /* Frameworks */ = {
			isa = PBXFrameworksBuildPhase;
			buildActionMask = 2147483647;
			files = (
			);
			runOnlyForDeploymentPostprocessing = 0;
		};
		15054D7E27FC761500685936 /* Frameworks */ = {
			isa = PBXFrameworksBuildPhase;
			buildActionMask = 2147483647;
			files = (
			);
			runOnlyForDeploymentPostprocessing = 0;
		};
/* End PBXFrameworksBuildPhase section */

/* Begin PBXGroup section */
		15054D5827FC761400685936 = {
			isa = PBXGroup;
			children = (
				15054D6327FC761400685936 /* QuizAbilitea */,
				15054D7A27FC761500685936 /* QuizAbiliteaTests */,
				15054D8427FC761500685936 /* QuizAbiliteaUITests */,
				15054D6227FC761400685936 /* Products */,
			);
			sourceTree = "<group>";
		};
		15054D6227FC761400685936 /* Products */ = {
			isa = PBXGroup;
			children = (
				15054D6127FC761400685936 /* QuizAbilitea.app */,
				15054D7727FC761500685936 /* QuizAbiliteaTests.xctest */,
				15054D8127FC761500685936 /* QuizAbiliteaUITests.xctest */,
			);
			name = Products;
			sourceTree = "<group>";
		};
		15054D6327FC761400685936 /* QuizAbilitea */ = {
			isa = PBXGroup;
			children = (
				15054D6427FC761400685936 /* AppDelegate.swift */,
				15054D6627FC761400685936 /* SceneDelegate.swift */,
				15054D6827FC761400685936 /* ViewController.swift */,
				15054D6A27FC761400685936 /* Main.storyboard */,
				15054D6D27FC761500685936 /* Assets.xcassets */,
				15054D6F27FC761500685936 /* LaunchScreen.storyboard */,
				15054D7227FC761500685936 /* Info.plist */,
				1584E67127FDA0640029DD2E /* questionStructure.swift */,
				156E4CAC27FDD57B007B836F /* quiz.json */,
			);
			path = QuizAbilitea;
			sourceTree = "<group>";
		};
		15054D7A27FC761500685936 /* QuizAbiliteaTests */ = {
			isa = PBXGroup;
			children = (
				15054D7B27FC761500685936 /* QuizAbiliteaTests.swift */,
			);
			path = QuizAbiliteaTests;
			sourceTree = "<group>";
		};
		15054D8427FC761500685936 /* QuizAbiliteaUITests */ = {
			isa = PBXGroup;
			children = (
				15054D8527FC761500685936 /* QuizAbiliteaUITests.swift */,
				15054D8727FC761500685936 /* QuizAbiliteaUITestsLaunchTests.swift */,
			);
			path = QuizAbiliteaUITests;
			sourceTree = "<group>";
		};
/* End PBXGroup section */

/* Begin PBXNativeTarget section */
		15054D6027FC761400685936 /* QuizAbilitea */ = {
			isa = PBXNativeTarget;
			buildConfigurationList = 15054D8B27FC761500685936 /* Build configuration list for PBXNativeTarget "QuizAbilitea" */;
			buildPhases = (
				15054D5D27FC761400685936 /* Sources */,
				15054D5E27FC761400685936 /* Frameworks */,
				15054D5F27FC761400685936 /* Resources */,
			);
			buildRules = (
			);
			dependencies = (
			);
			name = QuizAbilitea;
			productName = QuizAbilitea;
			productReference = 15054D6127FC761400685936 /* QuizAbilitea.app */;
			productType = "com.apple.product-type.application";
		};
		15054D7627FC761500685936 /* QuizAbiliteaTests */ = {
			isa = PBXNativeTarget;
			buildConfigurationList = 15054D8E27FC761500685936 /* Build configuration list for PBXNativeTarget "QuizAbiliteaTests" */;
			buildPhases = (
				15054D7327FC761500685936 /* Sources */,
				15054D7427FC761500685936 /* Frameworks */,
				15054D7527FC761500685936 /* Resources */,
			);
			buildRules = (
			);
			dependencies = (
				15054D7927FC761500685936 /* PBXTargetDependency */,
			);
			name = QuizAbiliteaTests;
			productName = QuizAbiliteaTests;
			productReference = 15054D7727FC761500685936 /* QuizAbiliteaTests.xctest */;
			productType = "com.apple.product-type.bundle.unit-test";
		};
		15054D8027FC761500685936 /* QuizAbiliteaUITests */ = {
			isa = PBXNativeTarget;
			buildConfigurationList = 15054D9127FC761500685936 /* Build configuration list for PBXNativeTarget "QuizAbiliteaUITests" */;
			buildPhases = (
				15054D7D27FC761500685936 /* Sources */,
				15054D7E27FC761500685936 /* Frameworks */,
				15054D7F27FC761500685936 /* Resources */,
			);
			buildRules = (
			);
			dependencies = (
				15054D8327FC761500685936 /* PBXTargetDependency */,
			);
			name = QuizAbiliteaUITests;
			productName = QuizAbiliteaUITests;
			productReference = 15054D8127FC761500685936 /* QuizAbiliteaUITests.xctest */;
			productType = "com.apple.product-type.bundle.ui-testing";
		};
/* End PBXNativeTarget section */

/* Begin PBXProject section */
		15054D5927FC761400685936 /* Project object */ = {
			isa = PBXProject;
			attributes = {
				BuildIndependentTargetsInParallel = 1;
				LastSwiftUpdateCheck = 1330;
				LastUpgradeCheck = 1330;
				TargetAttributes = {
					15054D6027FC761400685936 = {
						CreatedOnToolsVersion = 13.3;
					};
					15054D7627FC761500685936 = {
						CreatedOnToolsVersion = 13.3;
						TestTargetID = 15054D6027FC761400685936;
					};
					15054D8027FC761500685936 = {
						CreatedOnToolsVersion = 13.3;
						TestTargetID = 15054D6027FC761400685936;
					};
				};
			};
			buildConfigurationList = 15054D5C27FC761400685936 /* Build configuration list for PBXProject "QuizAbilitea" */;
			compatibilityVersion = "Xcode 13.0";
			developmentRegion = en;
			hasScannedForEncodings = 0;
			knownRegions = (
				en,
				Base,
			);
			mainGroup = 15054D5827FC761400685936;
			productRefGroup = 15054D6227FC761400685936 /* Products */;
			projectDirPath = "";
			projectRoot = "";
			targets = (
				15054D6027FC761400685936 /* QuizAbilitea */,
				15054D7627FC761500685936 /* QuizAbiliteaTests */,
				15054D8027FC761500685936 /* QuizAbiliteaUITests */,
			);
		};
/* End PBXProject section */

/* Begin PBXResourcesBuildPhase section */
		15054D5F27FC761400685936 /* Resources */ = {
			isa = PBXResourcesBuildPhase;
			buildActionMask = 2147483647;
			files = (
				15054D7127FC761500685936 /* LaunchScreen.storyboard in Resources */,
				15054D6E27FC761500685936 /* Assets.xcassets in Resources */,
				156E4CAD27FDD57B007B836F /* quiz.json in Resources */,
				15054D6C27FC761400685936 /* Main.storyboard in Resources */,
			);
			runOnlyForDeploymentPostprocessing = 0;
		};
		15054D7527FC761500685936 /* Resources */ = {
			isa = PBXResourcesBuildPhase;
			buildActionMask = 2147483647;
			files = (
			);
			runOnlyForDeploymentPostprocessing = 0;
		};
		15054D7F27FC761500685936 /* Resources */ = {
			isa = PBXResourcesBuildPhase;
			buildActionMask = 2147483647;
			files = (
			);
			runOnlyForDeploymentPostprocessing = 0;
		};
/* End PBXResourcesBuildPhase section */

/* Begin PBXSourcesBuildPhase section */
		15054D5D27FC761400685936 /* Sources */ = {
			isa = PBXSourcesBuildPhase;
			buildActionMask = 2147483647;
			files = (
				15054D6927FC761400685936 /* ViewController.swift in Sources */,
				15054D6527FC761400685936 /* AppDelegate.swift in Sources */,
				15054D6727FC761400685936 /* SceneDelegate.swift in Sources */,
				1584E67227FDA0640029DD2E /* questionStructure.swift in Sources */,
			);
			runOnlyForDeploymentPostprocessing = 0;
		};
		15054D7327FC761500685936 /* Sources */ = {
			isa = PBXSourcesBuildPhase;
			buildActionMask = 2147483647;
			files = (
				15054D7C27FC761500685936 /* QuizAbiliteaTests.swift in Sources */,
			);
			runOnlyForDeploymentPostprocessing = 0;
		};
		15054D7D27FC761500685936 /* Sources */ = {
			isa = PBXSourcesBuildPhase;
			buildActionMask = 2147483647;
			files = (
				15054D8827FC761500685936 /* QuizAbiliteaUITestsLaunchTests.swift in Sources */,
				15054D8627FC761500685936 /* QuizAbiliteaUITests.swift in Sources */,
			);
			runOnlyForDeploymentPostprocessing = 0;
		};
/* End PBXSourcesBuildPhase section */

/* Begin PBXTargetDependency section */
		15054D7927FC761500685936 /* PBXTargetDependency */ = {
			isa = PBXTargetDependency;
			target = 15054D6027FC761400685936 /* QuizAbilitea */;
			targetProxy = 15054D7827FC761500685936 /* PBXContainerItemProxy */;
		};
		15054D8327FC761500685936 /* PBXTargetDependency */ = {
			isa = PBXTargetDependency;
			target = 15054D6027FC761400685936 /* QuizAbilitea */;
			targetProxy = 15054D8227FC761500685936 /* PBXContainerItemProxy */;
		};
/* End PBXTargetDependency section */

/* Begin PBXVariantGroup section */
		15054D6A27FC761400685936 /* Main.storyboard */ = {
			isa = PBXVariantGroup;
			children = (
				15054D6B27FC761400685936 /* Base */,
			);
			name = Main.storyboard;
			sourceTree = "<group>";
		};
		15054D6F27FC761500685936 /* LaunchScreen.storyboard */ = {
			isa = PBXVariantGroup;
			children = (
				15054D7027FC761500685936 /* Base */,
			);
			name = LaunchScreen.storyboard;
			sourceTree = "<group>";
		};
/* End PBXVariantGroup section */

/* Begin XCBuildConfiguration section */
		15054D8927FC761500685936 /* Debug */ = {
			isa = XCBuildConfiguration;
			buildSettings = {
				ALWAYS_SEARCH_USER_PATHS = NO;
				CLANG_ANALYZER_NONNULL = YES;
				CLANG_ANALYZER_NUMBER_OBJECT_CONVERSION = YES_AGGRESSIVE;
				CLANG_CXX_LANGUAGE_STANDARD = "gnu++17";
				CLANG_ENABLE_MODULES = YES;
				CLANG_ENABLE_OBJC_ARC = YES;
				CLANG_ENABLE_OBJC_WEAK = YES;
				CLANG_WARN_BLOCK_CAPTURE_AUTORELEASING = YES;
				CLANG_WARN_BOOL_CONVERSION = YES;
				CLANG_WARN_COMMA = YES;
				CLANG_WARN_CONSTANT_CONVERSION = YES;
				CLANG_WARN_DEPRECATED_OBJC_IMPLEMENTATIONS = YES;
				CLANG_WARN_DIRECT_OBJC_ISA_USAGE = YES_ERROR;
				CLANG_WARN_DOCUMENTATION_COMMENTS = YES;
				CLANG_WARN_EMPTY_BODY = YES;
				CLANG_WARN_ENUM_CONVERSION = YES;
				CLANG_WARN_INFINITE_RECURSION = YES;
				CLANG_WARN_INT_CONVERSION = YES;
				CLANG_WARN_NON_LITERAL_NULL_CONVERSION = YES;
				CLANG_WARN_OBJC_IMPLICIT_RETAIN_SELF = YES;
				CLANG_WARN_OBJC_LITERAL_CONVERSION = YES;
				CLANG_WARN_OBJC_ROOT_CLASS = YES_ERROR;
				CLANG_WARN_QUOTED_INCLUDE_IN_FRAMEWORK_HEADER = YES;
				CLANG_WARN_RANGE_LOOP_ANALYSIS = YES;
				CLANG_WARN_STRICT_PROTOTYPES = YES;
				CLANG_WARN_SUSPICIOUS_MOVE = YES;
				CLANG_WARN_UNGUARDED_AVAILABILITY = YES_AGGRESSIVE;
				CLANG_WARN_UNREACHABLE_CODE = YES;
				CLANG_WARN__DUPLICATE_METHOD_MATCH = YES;
				COPY_PHASE_STRIP = NO;
				DEBUG_INFORMATION_FORMAT = dwarf;
				ENABLE_STRICT_OBJC_MSGSEND = YES;
				ENABLE_TESTABILITY = YES;
				GCC_C_LANGUAGE_STANDARD = gnu11;
				GCC_DYNAMIC_NO_PIC = NO;
				GCC_NO_COMMON_BLOCKS = YES;
				GCC_OPTIMIZATION_LEVEL = 0;
				GCC_PREPROCESSOR_DEFINITIONS = (
					"DEBUG=1",
					"$(inherited)",
				);
				GCC_WARN_64_TO_32_BIT_CONVERSION = YES;
				GCC_WARN_ABOUT_RETURN_TYPE = YES_ERROR;
				GCC_WARN_UNDECLARED_SELECTOR = YES;
				GCC_WARN_UNINITIALIZED_AUTOS = YES_AGGRESSIVE;
				GCC_WARN_UNUSED_FUNCTION = YES;
				GCC_WARN_UNUSED_VARIABLE = YES;
				IPHONEOS_DEPLOYMENT_TARGET = 15.4;
				MTL_ENABLE_DEBUG_INFO = INCLUDE_SOURCE;
				MTL_FAST_MATH = YES;
				ONLY_ACTIVE_ARCH = YES;
				SDKROOT = iphoneos;
				SWIFT_ACTIVE_COMPILATION_CONDITIONS = DEBUG;
				SWIFT_OPTIMIZATION_LEVEL = "-Onone";
			};
			name = Debug;
		};
		15054D8A27FC761500685936 /* Release */ = {
			isa = XCBuildConfiguration;
			buildSettings = {
				ALWAYS_SEARCH_USER_PATHS = NO;
				CLANG_ANALYZER_NONNULL = YES;
				CLANG_ANALYZER_NUMBER_OBJECT_CONVERSION = YES_AGGRESSIVE;
				CLANG_CXX_LANGUAGE_STANDARD = "gnu++17";
				CLANG_ENABLE_MODULES = YES;
				CLANG_ENABLE_OBJC_ARC = YES;
				CLANG_ENABLE_OBJC_WEAK = YES;
				CLANG_WARN_BLOCK_CAPTURE_AUTORELEASING = YES;
				CLANG_WARN_BOOL_CONVERSION = YES;
				CLANG_WARN_COMMA = YES;
				CLANG_WARN_CONSTANT_CONVERSION = YES;
				CLANG_WARN_DEPRECATED_OBJC_IMPLEMENTATIONS = YES;
				CLANG_WARN_DIRECT_OBJC_ISA_USAGE = YES_ERROR;
				CLANG_WARN_DOCUMENTATION_COMMENTS = YES;
				CLANG_WARN_EMPTY_BODY = YES;
				CLANG_WARN_ENUM_CONVERSION = YES;
				CLANG_WARN_INFINITE_RECURSION = YES;
				CLANG_WARN_INT_CONVERSION = YES;
				CLANG_WARN_NON_LITERAL_NULL_CONVERSION = YES;
				CLANG_WARN_OBJC_IMPLICIT_RETAIN_SELF = YES;
				CLANG_WARN_OBJC_LITERAL_CONVERSION = YES;
				CLANG_WARN_OBJC_ROOT_CLASS = YES_ERROR;
				CLANG_WARN_QUOTED_INCLUDE_IN_FRAMEWORK_HEADER = YES;
				CLANG_WARN_RANGE_LOOP_ANALYSIS = YES;
				CLANG_WARN_STRICT_PROTOTYPES = YES;
				CLANG_WARN_SUSPICIOUS_MOVE = YES;
				CLANG_WARN_UNGUARDED_AVAILABILITY = YES_AGGRESSIVE;
				CLANG_WARN_UNREACHABLE_CODE = YES;
				CLANG_WARN__DUPLICATE_METHOD_MATCH = YES;
				COPY_PHASE_STRIP = NO;
				DEBUG_INFORMATION_FORMAT = "dwarf-with-dsym";
				ENABLE_NS_ASSERTIONS = NO;
				ENABLE_STRICT_OBJC_MSGSEND = YES;
				GCC_C_LANGUAGE_STANDARD = gnu11;
				GCC_NO_COMMON_BLOCKS = YES;
				GCC_WARN_64_TO_32_BIT_CONVERSION = YES;
				GCC_WARN_ABOUT_RETURN_TYPE = YES_ERROR;
				GCC_WARN_UNDECLARED_SELECTOR = YES;
				GCC_WARN_UNINITIALIZED_AUTOS = YES_AGGRESSIVE;
				GCC_WARN_UNUSED_FUNCTION = YES;
				GCC_WARN_UNUSED_VARIABLE = YES;
				IPHONEOS_DEPLOYMENT_TARGET = 15.4;
				MTL_ENABLE_DEBUG_INFO = NO;
				MTL_FAST_MATH = YES;
				SDKROOT = iphoneos;
				SWIFT_COMPILATION_MODE = wholemodule;
				SWIFT_OPTIMIZATION_LEVEL = "-O";
				VALIDATE_PRODUCT = YES;
			};
			name = Release;
		};
		15054D8C27FC761500685936 /* Debug */ = {
			isa = XCBuildConfiguration;
			buildSettings = {
				ASSETCATALOG_COMPILER_APPICON_NAME = AppIcon;
				ASSETCATALOG_COMPILER_GLOBAL_ACCENT_COLOR_NAME = AccentColor;
				CODE_SIGN_STYLE = Automatic;
				CURRENT_PROJECT_VERSION = 1;
				GENERATE_INFOPLIST_FILE = YES;
				INFOPLIST_FILE = QuizAbilitea/Info.plist;
				INFOPLIST_KEY_UIApplicationSupportsIndirectInputEvents = YES;
				INFOPLIST_KEY_UILaunchStoryboardName = LaunchScreen;
				INFOPLIST_KEY_UIMainStoryboardFile = Main;
				INFOPLIST_KEY_UISupportedInterfaceOrientations_iPad = "UIInterfaceOrientationPortrait UIInterfaceOrientationPortraitUpsideDown UIInterfaceOrientationLandscapeLeft UIInterfaceOrientationLandscapeRight";
				INFOPLIST_KEY_UISupportedInterfaceOrientations_iPhone = "UIInterfaceOrientationPortrait UIInterfaceOrientationLandscapeLeft UIInterfaceOrientationLandscapeRight";
				LD_RUNPATH_SEARCH_PATHS = (
					"$(inherited)",
					"@executable_path/Frameworks",
				);
				MARKETING_VERSION = 1.0;
				PRODUCT_BUNDLE_IDENTIFIER = com.AppleDeveloperAcademyBinus.QuizAbilitea;
				PRODUCT_NAME = "$(TARGET_NAME)";
				SWIFT_EMIT_LOC_STRINGS = YES;
				SWIFT_VERSION = 5.0;
				TARGETED_DEVICE_FAMILY = "1,2";
			};
			name = Debug;
		};
		15054D8D27FC761500685936 /* Release */ = {
			isa = XCBuildConfiguration;
			buildSettings = {
				ASSETCATALOG_COMPILER_APPICON_NAME = AppIcon;
				ASSETCATALOG_COMPILER_GLOBAL_ACCENT_COLOR_NAME = AccentColor;
				CODE_SIGN_STYLE = Automatic;
				CURRENT_PROJECT_VERSION = 1;
				GENERATE_INFOPLIST_FILE = YES;
				INFOPLIST_FILE = QuizAbilitea/Info.plist;
				INFOPLIST_KEY_UIApplicationSupportsIndirectInputEvents = YES;
				INFOPLIST_KEY_UILaunchStoryboardName = LaunchScreen;
				INFOPLIST_KEY_UIMainStoryboardFile = Main;
				INFOPLIST_KEY_UISupportedInterfaceOrientations_iPad = "UIInterfaceOrientationPortrait UIInterfaceOrientationPortraitUpsideDown UIInterfaceOrientationLandscapeLeft UIInterfaceOrientationLandscapeRight";
				INFOPLIST_KEY_UISupportedInterfaceOrientations_iPhone = "UIInterfaceOrientationPortrait UIInterfaceOrientationLandscapeLeft UIInterfaceOrientationLandscapeRight";
				LD_RUNPATH_SEARCH_PATHS = (
					"$(inherited)",
					"@executable_path/Frameworks",
				);
				MARKETING_VERSION = 1.0;
				PRODUCT_BUNDLE_IDENTIFIER = com.AppleDeveloperAcademyBinus.QuizAbilitea;
				PRODUCT_NAME = "$(TARGET_NAME)";
				SWIFT_EMIT_LOC_STRINGS = YES;
				SWIFT_VERSION = 5.0;
				TARGETED_DEVICE_FAMILY = "1,2";
			};
			name = Release;
		};
		15054D8F27FC761500685936 /* Debug */ = {
			isa = XCBuildConfiguration;
			buildSettings = {
				ALWAYS_EMBED_SWIFT_STANDARD_LIBRARIES = YES;
				BUNDLE_LOADER = "$(TEST_HOST)";
				CODE_SIGN_STYLE = Automatic;
				CURRENT_PROJECT_VERSION = 1;
				GENERATE_INFOPLIST_FILE = YES;
				IPHONEOS_DEPLOYMENT_TARGET = 15.4;
				MARKETING_VERSION = 1.0;
				PRODUCT_BUNDLE_IDENTIFIER = com.AppleDeveloperAcademyBinus.QuizAbiliteaTests;
				PRODUCT_NAME = "$(TARGET_NAME)";
				SWIFT_EMIT_LOC_STRINGS = NO;
				SWIFT_VERSION = 5.0;
				TARGETED_DEVICE_FAMILY = "1,2";
				TEST_HOST = "$(BUILT_PRODUCTS_DIR)/QuizAbilitea.app/QuizAbilitea";
			};
			name = Debug;
		};
		15054D9027FC761500685936 /* Release */ = {
			isa = XCBuildConfiguration;
			buildSettings = {
				ALWAYS_EMBED_SWIFT_STANDARD_LIBRARIES = YES;
				BUNDLE_LOADER = "$(TEST_HOST)";
				CODE_SIGN_STYLE = Automatic;
				CURRENT_PROJECT_VERSION = 1;
				GENERATE_INFOPLIST_FILE = YES;
				IPHONEOS_DEPLOYMENT_TARGET = 15.4;
				MARKETING_VERSION = 1.0;
				PRODUCT_BUNDLE_IDENTIFIER = com.AppleDeveloperAcademyBinus.QuizAbiliteaTests;
				PRODUCT_NAME = "$(TARGET_NAME)";
				SWIFT_EMIT_LOC_STRINGS = NO;
				SWIFT_VERSION = 5.0;
				TARGETED_DEVICE_FAMILY = "1,2";
				TEST_HOST = "$(BUILT_PRODUCTS_DIR)/QuizAbilitea.app/QuizAbilitea";
			};
			name = Release;
		};
		15054D9227FC761500685936 /* Debug */ = {
			isa = XCBuildConfiguration;
			buildSettings = {
				ALWAYS_EMBED_SWIFT_STANDARD_LIBRARIES = YES;
				CODE_SIGN_STYLE = Automatic;
				CURRENT_PROJECT_VERSION = 1;
				GENERATE_INFOPLIST_FILE = YES;
				MARKETING_VERSION = 1.0;
				PRODUCT_BUNDLE_IDENTIFIER = com.AppleDeveloperAcademyBinus.QuizAbiliteaUITests;
				PRODUCT_NAME = "$(TARGET_NAME)";
				SWIFT_EMIT_LOC_STRINGS = NO;
				SWIFT_VERSION = 5.0;
				TARGETED_DEVICE_FAMILY = "1,2";
				TEST_TARGET_NAME = QuizAbilitea;
			};
			name = Debug;
		};
		15054D9327FC761500685936 /* Release */ = {
			isa = XCBuildConfiguration;
			buildSettings = {
				ALWAYS_EMBED_SWIFT_STANDARD_LIBRARIES = YES;
				CODE_SIGN_STYLE = Automatic;
				CURRENT_PROJECT_VERSION = 1;
				GENERATE_INFOPLIST_FILE = YES;
				MARKETING_VERSION = 1.0;
				PRODUCT_BUNDLE_IDENTIFIER = com.AppleDeveloperAcademyBinus.QuizAbiliteaUITests;
				PRODUCT_NAME = "$(TARGET_NAME)";
				SWIFT_EMIT_LOC_STRINGS = NO;
				SWIFT_VERSION = 5.0;
				TARGETED_DEVICE_FAMILY = "1,2";
				TEST_TARGET_NAME = QuizAbilitea;
			};
			name = Release;
		};
/* End XCBuildConfiguration section */

/* Begin XCConfigurationList section */
		15054D5C27FC761400685936 /* Build configuration list for PBXProject "QuizAbilitea" */ = {
			isa = XCConfigurationList;
			buildConfigurations = (
				15054D8927FC761500685936 /* Debug */,
				15054D8A27FC761500685936 /* Release */,
			);
			defaultConfigurationIsVisible = 0;
			defaultConfigurationName = Release;
		};
		15054D8B27FC761500685936 /* Build configuration list for PBXNativeTarget "QuizAbilitea" */ = {
			isa = XCConfigurationList;
			buildConfigurations = (
				15054D8C27FC761500685936 /* Debug */,
				15054D8D27FC761500685936 /* Release */,
			);
			defaultConfigurationIsVisible = 0;
			defaultConfigurationName = Release;
		};
		15054D8E27FC761500685936 /* Build configuration list for PBXNativeTarget "QuizAbiliteaTests" */ = {
			isa = XCConfigurationList;
			buildConfigurations = (
				15054D8F27FC761500685936 /* Debug */,
				15054D9027FC761500685936 /* Release */,
			);
			defaultConfigurationIsVisible = 0;
			defaultConfigurationName = Release;
		};
		15054D9127FC761500685936 /* Build configuration list for PBXNativeTarget "QuizAbiliteaUITests" */ = {
			isa = XCConfigurationList;
			buildConfigurations = (
				15054D9227FC761500685936 /* Debug */,
				15054D9327FC761500685936 /* Release */,
			);
			defaultConfigurationIsVisible = 0;
			defaultConfigurationName = Release;
		};
/* End XCConfigurationList section */
	};
	rootObject = 15054D5927FC761400685936 /* Project object */;
}
